
Microsoft Visual Studio Solution File, Format Version 12.00
# Visual Studio Version 16
VisualStudioVersion = 16.0.30225.117
MinimumVisualStudioVersion = 10.0.40219.1
Project("{FAE04EC0-301F-11D3-BF4B-00C04F79EFBC}") = "CS SqlHelper", "CS SqlHelper.csproj", "{D0708550-5231-4461-8ED7-BE6D4B1EB4E1}"
EndProject
Project("{FAE04EC0-301F-11D3-BF4B-00C04F79EFBC}") = "DAL", "..\DAL\DAL.csproj", "{003665D3-5DDF-45C3-B636-632AEFEA81A5}"
EndProject
Global
	GlobalSection(SolutionConfigurationPlatforms) = preSolution
		Debug|Any CPU = Debug|Any CPU
		Release|Any CPU = Release|Any CPU
	EndGlobalSection
	GlobalSection(ProjectConfigurationPlatforms) = postSolution
		{D0708550-5231-4461-8ED7-BE6D4B1EB4E1}.Debug|Any CPU.ActiveCfg = Debug|Any CPU
		{D0708550-5231-4461-8ED7-BE6D4B1EB4E1}.Debug|Any CPU.Build.0 = Debug|Any CPU
		{D0708550-5231-4461-8ED7-BE6D4B1EB4E1}.Release|Any CPU.ActiveCfg = Release|Any CPU
		{D0708550-5231-4461-8ED7-BE6D4B1EB4E1}.Release|Any CPU.Build.0 = Release|Any CPU
		{003665D3-5DDF-45C3-B636-632AEFEA81A5}.Debug|Any CPU.ActiveCfg = Debug|Any CPU
		{003665D3-5DDF-45C3-B636-632AEFEA81A5}.Debug|Any CPU.Build.0 = Debug|Any CPU
		{003665D3-5DDF-45C3-B636-632AEFEA81A5}.Release|Any CPU.ActiveCfg = Release|Any CPU
		{003665D3-5DDF-45C3-B636-632AEFEA81A5}.Release|Any CPU.Build.0 = Release|Any CPU
	EndGlobalSection
	GlobalSection(SolutionProperties) = preSolution
		HideSolutionNode = FALSE
	EndGlobalSection
	GlobalSection(ExtensibilityGlobals) = postSolution
		SolutionGuid = {F2B15856-FD12-4879-9E30-FFB2C0352780}
	EndGlobalSection
EndGlobal
